{
  "version": 4,
  "terraform_version": "1.15.8",
  "serial": 18,
  "lineage": "20297355-3fad-eeab-a251-709a9905ef66",
  "outputs": {},
  "resources": [
    {
      "mode": "managed",
      "type": "docker_image",
      "name": "pgadmin4",
      "provider": "provider[\"registry.terraform.io/kreuzwerker/docker\"]",
      "instances": [
        {
          "schema_version": 0,
          "attributes": {
            "build": [],
            "force_remove": null,
            "id": "sha256:2f4ce946ddf8360680d7eff4eaba1d91859eb6b4003e6623bad5c63a322c2f4ddpage/pgadmin4:latest",
            "image_id": "sha256:2f4ce946ddf8360680d7eff4eaba1d91859eb6b4003e6623bad5c63a322c2f4d",
            "keep_locally": false,
            "name": "dpage/pgadmin4:latest",
            "platform": null,
            "pull_triggers": null,
            "repo_digest": "dpage/pgadmin4@sha256:2f4ce946ddf8360680d7eff4eaba1d91859eb6b4003e6623bad5c63a322c2f4d",
            "timeouts": null,
            "triggers": null
          },
          "sensitive_attributes": [],
          "identity_schema_version": 0,
          "private": "eyJlMmJmYjczMC1lY2FhLTExZTYtOGY4OC0zNDM2M2JjN2M0YzAiOnsiY3JlYXRlIjoxMjAwMDAwMDAwMDAwLCJkZWxldGUiOjEyMDAwMDAwMDAwMDAsInVwZGF0ZSI6MTIwMDAwMDAwMDAwMH19"
        }
      ]
    },
    {
      "mode": "managed",
      "type": "docker_image",
      "name": "postgres",
      "provider": "provider[\"registry.terraform.io/kreuzwerker/docker\"]",
      "instances": [
        {
          "schema_version": 0,
          "attributes": {
            "build": [],
            "force_remove": null,
            "id": "sha256:d129b9577d274bb96cbd44d902bdeb1b935c89247d161241e9154cba64e13df4postgres:18",
            "image_id": "sha256:d129b9577d274bb96cbd44d902bdeb1b935c89247d161241e9154cba64e13df4",
            "keep_locally": false,
            "name": "postgres:18",
            "platform": null,
            "pull_triggers": null,
            "repo_digest": "postgres@sha256:d129b9577d274bb96cbd44d902bdeb1b935c89247d161241e9154cba64e13df4",
            "timeouts": null,
            "triggers": null
          },
          "sensitive_attributes": [],
          "identity_schema_version": 0,
          "private": "eyJlMmJmYjczMC1lY2FhLTExZTYtOGY4OC0zNDM2M2JjN2M0YzAiOnsiY3JlYXRlIjoxMjAwMDAwMDAwMDAwLCJkZWxldGUiOjEyMDAwMDAwMDAwMDAsInVwZGF0ZSI6MTIwMDAwMDAwMDAwMH19"
        }
      ]
    }
  ],
  "check_results": null
}
